
Microsoft Visual Studio Solution File, Format Version 12.00
# Visual Studio Version 17
VisualStudioVersion = 17.9.34728.123
MinimumVisualStudioVersion = 10.0.40219.1
Project("{FAE04EC0-301F-11D3-BF4B-00C04F79EFBC}") = "PiggyPalAPI", "PiggyPalAPI\PiggyPalAPI.csproj", "{88A4FC21-4558-4C21-A4CC-426C61507B2A}"
EndProject
Global
	GlobalSection(SolutionConfigurationPlatforms) = preSolution
		Debug|Any CPU = Debug|Any CPU
		Release|Any CPU = Release|Any CPU
	EndGlobalSection
	GlobalSection(ProjectConfigurationPlatforms) = postSolution
		{88A4FC21-4558-4C21-A4CC-426C61507B2A}.Debug|Any CPU.ActiveCfg = Debug|Any CPU
		{88A4FC21-4558-4C21-A4CC-426C61507B2A}.Debug|Any CPU.Build.0 = Debug|Any CPU
		{88A4FC21-4558-4C21-A4CC-426C61507B2A}.Release|Any CPU.ActiveCfg = Release|Any CPU
		{88A4FC21-4558-4C21-A4CC-426C61507B2A}.Release|Any CPU.Build.0 = Release|Any CPU
	EndGlobalSection
	GlobalSection(SolutionProperties) = preSolution
		HideSolutionNode = FALSE
	EndGlobalSection
	GlobalSection(ExtensibilityGlobals) = postSolution
		SolutionGuid = {024D80F9-F784-460B-934D-A935B4D44A44}
	EndGlobalSection
EndGlobal
